
Microsoft Visual Studio Solution File, Format Version 12.00
# Visual Studio 15
VisualStudioVersion = 15.0.26124.0
MinimumVisualStudioVersion = 15.0.26124.0
Project("{FAE04EC0-301F-11D3-BF4B-00C04F79EFBC}") = "API", "API\API.csproj", "{BE05653E-B956-42E2-A1D2-EFDC9DC8476C}"
EndProject
Global
	GlobalSection(SolutionConfigurationPlatforms) = preSolution
		Debug|Any CPU = Debug|Any CPU
		Debug|x64 = Debug|x64
		Debug|x86 = Debug|x86
		Release|Any CPU = Release|Any CPU
		Release|x64 = Release|x64
		Release|x86 = Release|x86
	EndGlobalSection
	GlobalSection(SolutionProperties) = preSolution
		HideSolutionNode = FALSE
	EndGlobalSection
	GlobalSection(ProjectConfigurationPlatforms) = postSolution
		{BE05653E-B956-42E2-A1D2-EFDC9DC8476C}.Debug|Any CPU.ActiveCfg = Debug|Any CPU
		{BE05653E-B956-42E2-A1D2-EFDC9DC8476C}.Debug|Any CPU.Build.0 = Debug|Any CPU
		{BE05653E-B956-42E2-A1D2-EFDC9DC8476C}.Debug|x64.ActiveCfg = Debug|Any CPU
		{BE05653E-B956-42E2-A1D2-EFDC9DC8476C}.Debug|x64.Build.0 = Debug|Any CPU
		{BE05653E-B956-42E2-A1D2-EFDC9DC8476C}.Debug|x86.ActiveCfg = Debug|Any CPU
		{BE05653E-B956-42E2-A1D2-EFDC9DC8476C}.Debug|x86.Build.0 = Debug|Any CPU
		{BE05653E-B956-42E2-A1D2-EFDC9DC8476C}.Release|Any CPU.ActiveCfg = Release|Any CPU
		{BE05653E-B956-42E2-A1D2-EFDC9DC8476C}.Release|Any CPU.Build.0 = Release|Any CPU
		{BE05653E-B956-42E2-A1D2-EFDC9DC8476C}.Release|x64.ActiveCfg = Release|Any CPU
		{BE05653E-B956-42E2-A1D2-EFDC9DC8476C}.Release|x64.Build.0 = Release|Any CPU
		{BE05653E-B956-42E2-A1D2-EFDC9DC8476C}.Release|x86.ActiveCfg = Release|Any CPU
		{BE05653E-B956-42E2-A1D2-EFDC9DC8476C}.Release|x86.Build.0 = Release|Any CPU
	EndGlobalSection
EndGlobal
